
Microsoft Visual Studio Solution File, Format Version 12.00
# Visual Studio Version 16
VisualStudioVersion = 16.0.32228.343
MinimumVisualStudioVersion = 10.0.40219.1
Project("{8BC9CEB8-8B4A-11D0-8D11-00A0C91BC942}") = "circlelist", "circlelist\circlelist.vcxproj", "{53428DE6-976B-4AFF-8F75-33E49FA46472}"
EndProject
Global
	GlobalSection(SolutionConfigurationPlatforms) = preSolution
		Debug|x64 = Debug|x64
		Debug|x86 = Debug|x86
		Release|x64 = Release|x64
		Release|x86 = Release|x86
	EndGlobalSection
	GlobalSection(ProjectConfigurationPlatforms) = postSolution
		{53428DE6-976B-4AFF-8F75-33E49FA46472}.Debug|x64.ActiveCfg = Debug|x64
		{53428DE6-976B-4AFF-8F75-33E49FA46472}.Debug|x64.Build.0 = Debug|x64
		{53428DE6-976B-4AFF-8F75-33E49FA46472}.Debug|x86.ActiveCfg = Debug|Win32
		{53428DE6-976B-4AFF-8F75-33E49FA46472}.Debug|x86.Build.0 = Debug|Win32
		{53428DE6-976B-4AFF-8F75-33E49FA46472}.Release|x64.ActiveCfg = Release|x64
		{53428DE6-976B-4AFF-8F75-33E49FA46472}.Release|x64.Build.0 = Release|x64
		{53428DE6-976B-4AFF-8F75-33E49FA46472}.Release|x86.ActiveCfg = Release|Win32
		{53428DE6-976B-4AFF-8F75-33E49FA46472}.Release|x86.Build.0 = Release|Win32
	EndGlobalSection
	GlobalSection(SolutionProperties) = preSolution
		HideSolutionNode = FALSE
	EndGlobalSection
	GlobalSection(ExtensibilityGlobals) = postSolution
		SolutionGuid = {BB4AA24F-48E0-4F48-A08E-7985CE7C4813}
	EndGlobalSection
EndGlobal
